
Microsoft Visual Studio Solution File, Format Version 12.00
# Visual Studio Version 16
VisualStudioVersion = 16.0.31019.35
MinimumVisualStudioVersion = 10.0.40219.1
Project("{9A19103F-16F7-4668-BE54-9A1E7A4F7556}") = "H_Shop.NetCore", "H_Shop.NetCore\H_Shop.NetCore.csproj", "{5EDF761E-EBE9-4449-A574-403EB8910789}"
EndProject
Project("{FAE04EC0-301F-11D3-BF4B-00C04F79EFBC}") = "DataAndServices", "DataAndServices\DataAndServices.csproj", "{051C4C9A-BBE7-4907-808C-8B80C9F88C89}"
EndProject
Project("{FAE04EC0-301F-11D3-BF4B-00C04F79EFBC}") = "Model", "Model\Model.csproj", "{919CFAF9-A80C-4567-8130-24AA1A65D33B}"
EndProject
Project("{FAE04EC0-301F-11D3-BF4B-00C04F79EFBC}") = "UI", "UI\UI.csproj", "{4F6D3D30-B08D-45BB-8BE9-F845AC69E56C}"
EndProject
Global
	GlobalSection(SolutionConfigurationPlatforms) = preSolution
		Debug|Any CPU = Debug|Any CPU
		Release|Any CPU = Release|Any CPU
	EndGlobalSection
	GlobalSection(ProjectConfigurationPlatforms) = postSolution
		{5EDF761E-EBE9-4449-A574-403EB8910789}.Debug|Any CPU.ActiveCfg = Debug|Any CPU
		{5EDF761E-EBE9-4449-A574-403EB8910789}.Debug|Any CPU.Build.0 = Debug|Any CPU
		{5EDF761E-EBE9-4449-A574-403EB8910789}.Release|Any CPU.ActiveCfg = Release|Any CPU
		{5EDF761E-EBE9-4449-A574-403EB8910789}.Release|Any CPU.Build.0 = Release|Any CPU
		{051C4C9A-BBE7-4907-808C-8B80C9F88C89}.Debug|Any CPU.ActiveCfg = Debug|Any CPU
		{051C4C9A-BBE7-4907-808C-8B80C9F88C89}.Debug|Any CPU.Build.0 = Debug|Any CPU
		{051C4C9A-BBE7-4907-808C-8B80C9F88C89}.Release|Any CPU.ActiveCfg = Release|Any CPU
		{051C4C9A-BBE7-4907-808C-8B80C9F88C89}.Release|Any CPU.Build.0 = Release|Any CPU
		{919CFAF9-A80C-4567-8130-24AA1A65D33B}.Debug|Any CPU.ActiveCfg = Debug|Any CPU
		{919CFAF9-A80C-4567-8130-24AA1A65D33B}.Debug|Any CPU.Build.0 = Debug|Any CPU
		{919CFAF9-A80C-4567-8130-24AA1A65D33B}.Release|Any CPU.ActiveCfg = Release|Any CPU
		{919CFAF9-A80C-4567-8130-24AA1A65D33B}.Release|Any CPU.Build.0 = Release|Any CPU
		{4F6D3D30-B08D-45BB-8BE9-F845AC69E56C}.Debug|Any CPU.ActiveCfg = Debug|Any CPU
		{4F6D3D30-B08D-45BB-8BE9-F845AC69E56C}.Debug|Any CPU.Build.0 = Debug|Any CPU
		{4F6D3D30-B08D-45BB-8BE9-F845AC69E56C}.Release|Any CPU.ActiveCfg = Release|Any CPU
		{4F6D3D30-B08D-45BB-8BE9-F845AC69E56C}.Release|Any CPU.Build.0 = Release|Any CPU
	EndGlobalSection
	GlobalSection(SolutionProperties) = preSolution
		HideSolutionNode = FALSE
	EndGlobalSection
	GlobalSection(ExtensibilityGlobals) = postSolution
		SolutionGuid = {8EAE3C91-09CF-439C-8D6F-FB7FD755C15E}
	EndGlobalSection
EndGlobal
